
Microsoft Visual Studio Solution File, Format Version 12.00
# Visual Studio Version 17
VisualStudioVersion = 17.7.34024.191
MinimumVisualStudioVersion = 10.0.40219.1
Project("{FAE04EC0-301F-11D3-BF4B-00C04F79EFBC}") = "ConsoleApp1", "ConsoleApp1\ConsoleApp1.csproj", "{D1898C4B-9C63-49D4-A564-D5551A4ED7CA}"
EndProject
Global
	GlobalSection(SolutionConfigurationPlatforms) = preSolution
		Debug|Any CPU = Debug|Any CPU
		Release|Any CPU = Release|Any CPU
	EndGlobalSection
	GlobalSection(ProjectConfigurationPlatforms) = postSolution
		{D1898C4B-9C63-49D4-A564-D5551A4ED7CA}.Debug|Any CPU.ActiveCfg = Debug|Any CPU
		{D1898C4B-9C63-49D4-A564-D5551A4ED7CA}.Debug|Any CPU.Build.0 = Debug|Any CPU
		{D1898C4B-9C63-49D4-A564-D5551A4ED7CA}.Release|Any CPU.ActiveCfg = Release|Any CPU
		{D1898C4B-9C63-49D4-A564-D5551A4ED7CA}.Release|Any CPU.Build.0 = Release|Any CPU
	EndGlobalSection
	GlobalSection(SolutionProperties) = preSolution
		HideSolutionNode = FALSE
	EndGlobalSection
	GlobalSection(ExtensibilityGlobals) = postSolution
		SolutionGuid = {BD882431-0CEB-40EC-B986-A8C91CB34977}
	EndGlobalSection
EndGlobal
